Microsoft Visual Studio Solution File, Format Version 12.00
# Visual Studio 14
VisualStudioVersion = 14.0.25420.1
MinimumVisualStudioVersion = 10.0.40219.1
Project("{8BC9CEB8-8B4A-11D0-8D11-00A0C91BC942}") = "ALL_BUILD", "ALL_BUILD.vcxproj", "{2F32D0D8-7D34-3A5F-863A-EDC291D17715}"
	ProjectSection(ProjectDependencies) = postProject
		{8C8C301F-7ADA-3076-9B2D-2CA43F0F0AA6} = {8C8C301F-7ADA-3076-9B2D-2CA43F0F0AA6}
		{B0961169-E8F7-3F1D-AB39-EACE46674E2E} = {B0961169-E8F7-3F1D-AB39-EACE46674E2E}
		{C450B782-DB95-3727-831B-A4CF57814615} = {C450B782-DB95-3727-831B-A4CF57814615}
		{B8C58C95-3128-3F67-9C4E-C21634A5E829} = {B8C58C95-3128-3F67-9C4E-C21634A5E829}
	EndProjectSection
EndProject
Project("{8BC9CEB8-8B4A-11D0-8D11-00A0C91BC942}") = "3.model_loading__1.model_loading", "3.model_loading__1.model_loading.vcxproj", "{8C8C301F-7ADA-3076-9B2D-2CA43F0F0AA6}"
	ProjectSection(ProjectDependencies) = postProject
		{B0961169-E8F7-3F1D-AB39-EACE46674E2E} = {B0961169-E8F7-3F1D-AB39-EACE46674E2E}
		{C450B782-DB95-3727-831B-A4CF57814615} = {C450B782-DB95-3727-831B-A4CF57814615}
		{B8C58C95-3128-3F67-9C4E-C21634A5E829} = {B8C58C95-3128-3F67-9C4E-C21634A5E829}
	EndProjectSection
EndProject
Project("{8BC9CEB8-8B4A-11D0-8D11-00A0C91BC942}") = "GLAD", "GLAD.vcxproj", "{B0961169-E8F7-3F1D-AB39-EACE46674E2E}"
	ProjectSection(ProjectDependencies) = postProject
		{B8C58C95-3128-3F67-9C4E-C21634A5E829} = {B8C58C95-3128-3F67-9C4E-C21634A5E829}
	EndProjectSection
EndProject
Project("{8BC9CEB8-8B4A-11D0-8D11-00A0C91BC942}") = "STB_IMAGE", "STB_IMAGE.vcxproj", "{C450B782-DB95-3727-831B-A4CF57814615}"
	ProjectSection(ProjectDependencies) = postProject
		{B8C58C95-3128-3F67-9C4E-C21634A5E829} = {B8C58C95-3128-3F67-9C4E-C21634A5E829}
	EndProjectSection
EndProject
Project("{8BC9CEB8-8B4A-11D0-8D11-00A0C91BC942}") = "ZERO_CHECK", "ZERO_CHECK.vcxproj", "{B8C58C95-3128-3F67-9C4E-C21634A5E829}"
EndProject
Global
	GlobalSection(SolutionConfigurationPlatforms) = preSolution
		Debug|Win32 = Debug|Win32
		MinSizeRel|Win32 = MinSizeRel|Win32
		Release|Win32 = Release|Win32
		RelWithDebInfo|Win32 = RelWithDebInfo|Win32
	EndGlobalSection
	GlobalSection(ProjectConfigurationPlatforms) = postSolution
		{2F32D0D8-7D34-3A5F-863A-EDC291D17715}.Debug|Win32.ActiveCfg = Debug|Win32
		{2F32D0D8-7D34-3A5F-863A-EDC291D17715}.MinSizeRel|Win32.ActiveCfg = MinSizeRel|Win32
		{2F32D0D8-7D34-3A5F-863A-EDC291D17715}.Release|Win32.ActiveCfg = Release|Win32
		{2F32D0D8-7D34-3A5F-863A-EDC291D17715}.RelWithDebInfo|Win32.ActiveCfg = RelWithDebInfo|Win32
		{8C8C301F-7ADA-3076-9B2D-2CA43F0F0AA6}.Debug|Win32.ActiveCfg = Debug|Win32
		{8C8C301F-7ADA-3076-9B2D-2CA43F0F0AA6}.Debug|Win32.Build.0 = Debug|Win32
		{8C8C301F-7ADA-3076-9B2D-2CA43F0F0AA6}.MinSizeRel|Win32.ActiveCfg = MinSizeRel|Win32
		{8C8C301F-7ADA-3076-9B2D-2CA43F0F0AA6}.MinSizeRel|Win32.Build.0 = MinSizeRel|Win32
		{8C8C301F-7ADA-3076-9B2D-2CA43F0F0AA6}.Release|Win32.ActiveCfg = Release|Win32
		{8C8C301F-7ADA-3076-9B2D-2CA43F0F0AA6}.Release|Win32.Build.0 = Release|Win32
		{8C8C301F-7ADA-3076-9B2D-2CA43F0F0AA6}.RelWithDebInfo|Win32.ActiveCfg = RelWithDebInfo|Win32
		{8C8C301F-7ADA-3076-9B2D-2CA43F0F0AA6}.RelWithDebInfo|Win32.Build.0 = RelWithDebInfo|Win32
		{B0961169-E8F7-3F1D-AB39-EACE46674E2E}.Debug|Win32.ActiveCfg = Debug|Win32
		{B0961169-E8F7-3F1D-AB39-EACE46674E2E}.Debug|Win32.Build.0 = Debug|Win32
		{B0961169-E8F7-3F1D-AB39-EACE46674E2E}.MinSizeRel|Win32.ActiveCfg = MinSizeRel|Win32
		{B0961169-E8F7-3F1D-AB39-EACE46674E2E}.MinSizeRel|Win32.Build.0 = MinSizeRel|Win32
		{B0961169-E8F7-3F1D-AB39-EACE46674E2E}.Release|Win32.ActiveCfg = Release|Win32
		{B0961169-E8F7-3F1D-AB39-EACE46674E2E}.Release|Win32.Build.0 = Release|Win32
		{B0961169-E8F7-3F1D-AB39-EACE46674E2E}.RelWithDebInfo|Win32.ActiveCfg = RelWithDebInfo|Win32
		{B0961169-E8F7-3F1D-AB39-EACE46674E2E}.RelWithDebInfo|Win32.Build.0 = RelWithDebInfo|Win32
		{C450B782-DB95-3727-831B-A4CF57814615}.Debug|Win32.ActiveCfg = Debug|Win32
		{C450B782-DB95-3727-831B-A4CF57814615}.Debug|Win32.Build.0 = Debug|Win32
		{C450B782-DB95-3727-831B-A4CF57814615}.MinSizeRel|Win32.ActiveCfg = MinSizeRel|Win32
		{C450B782-DB95-3727-831B-A4CF57814615}.MinSizeRel|Win32.Build.0 = MinSizeRel|Win32
		{C450B782-DB95-3727-831B-A4CF57814615}.Release|Win32.ActiveCfg = Release|Win32
		{C450B782-DB95-3727-831B-A4CF57814615}.Release|Win32.Build.0 = Release|Win32
		{C450B782-DB95-3727-831B-A4CF57814615}.RelWithDebInfo|Win32.ActiveCfg = RelWithDebInfo|Win32
		{C450B782-DB95-3727-831B-A4CF57814615}.RelWithDebInfo|Win32.Build.0 = RelWithDebInfo|Win32
		{B8C58C95-3128-3F67-9C4E-C21634A5E829}.Debug|Win32.ActiveCfg = Debug|Win32
		{B8C58C95-3128-3F67-9C4E-C21634A5E829}.Debug|Win32.Build.0 = Debug|Win32
		{B8C58C95-3128-3F67-9C4E-C21634A5E829}.MinSizeRel|Win32.ActiveCfg = MinSizeRel|Win32
		{B8C58C95-3128-3F67-9C4E-C21634A5E829}.MinSizeRel|Win32.Build.0 = MinSizeRel|Win32
		{B8C58C95-3128-3F67-9C4E-C21634A5E829}.Release|Win32.ActiveCfg = Release|Win32
		{B8C58C95-3128-3F67-9C4E-C21634A5E829}.Release|Win32.Build.0 = Release|Win32
		{B8C58C95-3128-3F67-9C4E-C21634A5E829}.RelWithDebInfo|Win32.ActiveCfg = RelWithDebInfo|Win32
		{B8C58C95-3128-3F67-9C4E-C21634A5E829}.RelWithDebInfo|Win32.Build.0 = RelWithDebInfo|Win32
	EndGlobalSection
	GlobalSection(SolutionProperties) = preSolution
		HideSolutionNode = FALSE
	EndGlobalSection
	GlobalSection(ExtensibilityGlobals) = postSolution
		SolutionGuid = {5BF7DD8B-7005-30E7-B798-B1480D26CBAE}
	EndGlobalSection
EndGlobal
