Microsoft Visual Studio Solution File, Format Version 12.00
# Visual Studio 14
VisualStudioVersion = 14.0.25420.1
MinimumVisualStudioVersion = 10.0.40219.1
Project("{8BC9CEB8-8B4A-11D0-8D11-00A0C91BC942}") = "3.model_loading__1.model_loading", "3.model_loading__1.model_loading.vcxproj", "{8C8C301F-7ADA-3076-9B2D-2CA43F0F0AA6}"
EndProject
Global
	GlobalSection(SolutionConfigurationPlatforms) = preSolution
		Debug|Win32 = Debug|Win32
		MinSizeRel|Win32 = MinSizeRel|Win32
		Release|Win32 = Release|Win32
		RelWithDebInfo|Win32 = RelWithDebInfo|Win32
	EndGlobalSection
	GlobalSection(ProjectConfigurationPlatforms) = postSolution
		{8C8C301F-7ADA-3076-9B2D-2CA43F0F0AA6}.Debug|Win32.ActiveCfg = Debug|Win32
		{8C8C301F-7ADA-3076-9B2D-2CA43F0F0AA6}.Debug|Win32.Build.0 = Debug|Win32
		{8C8C301F-7ADA-3076-9B2D-2CA43F0F0AA6}.MinSizeRel|Win32.ActiveCfg = MinSizeRel|Win32
		{8C8C301F-7ADA-3076-9B2D-2CA43F0F0AA6}.MinSizeRel|Win32.Build.0 = MinSizeRel|Win32
		{8C8C301F-7ADA-3076-9B2D-2CA43F0F0AA6}.Release|Win32.ActiveCfg = Release|Win32
		{8C8C301F-7ADA-3076-9B2D-2CA43F0F0AA6}.Release|Win32.Build.0 = Release|Win32
		{8C8C301F-7ADA-3076-9B2D-2CA43F0F0AA6}.RelWithDebInfo|Win32.ActiveCfg = RelWithDebInfo|Win32
		{8C8C301F-7ADA-3076-9B2D-2CA43F0F0AA6}.RelWithDebInfo|Win32.Build.0 = RelWithDebInfo|Win32
	EndGlobalSection
	GlobalSection(SolutionProperties) = preSolution
		HideSolutionNode = FALSE
	EndGlobalSection
	GlobalSection(ExtensibilityGlobals) = postSolution
		SolutionGuid = {5BF7DD8B-7005-30E7-B798-B1480D26CBAE}
	EndGlobalSection
EndGlobal
